// !$*UTF8*$!
{
	archiveVersion = 1;
	classes = {
	};
	objectVersion = 46;
	objects = {

/* Begin PBXBuildFile section */
		419D28F61D59EE3C009560F1 /* AppDelegate.swift in Sources */ = {isa = PBXBuildFile; fileRef = 419D28F51D59EE3C009560F1 /* AppDelegate.swift */; };
		419D28F81D59EE3C009560F1 /* FaceViewController.swift in Sources */ = {isa = PBXBuildFile; fileRef = 419D28F71D59EE3C009560F1 /* FaceViewController.swift */; };
		419D28FB1D59EE3C009560F1 /* Main.storyboard in Resources */ = {isa = PBXBuildFile; fileRef = 419D28F91D59EE3C009560F1 /* Main.storyboard */; };
		419D28FD1D59EE3C009560F1 /* Assets.xcassets in Resources */ = {isa = PBXBuildFile; fileRef = 419D28FC1D59EE3C009560F1 /* Assets.xcassets */; };
		419D29001D59EE3C009560F1 /* LaunchScreen.storyboard in Resources */ = {isa = PBXBuildFile; fileRef = 419D28FE1D59EE3C009560F1 /* LaunchScreen.storyboard */; };
		419D29091D59EE5C009560F1 /* FaceView.swift in Sources */ = {isa = PBXBuildFile; fileRef = 419D29081D59EE5C009560F1 /* FaceView.swift */; };
		419D290B1D5B9ECD009560F1 /* FacialExpression.swift in Sources */ = {isa = PBXBuildFile; fileRef = 419D290A1D5B9ECD009560F1 /* FacialExpression.swift */; };
		419D290D1D5C66AF009560F1 /* EmotionSelectorViewController.swift in Sources */ = {isa = PBXBuildFile; fileRef = 419D290C1D5C66AF009560F1 /* EmotionSelectorViewController.swift */; };
/* End PBXBuildFile section */

/* Begin PBXFileReference section */
		419D28F21D59EE3C009560F1 /* FaceItV2.app */ = {isa = PBXFileReference; explicitFileType = wrapper.application; includeInIndex = 0; path = FaceItV2.app; sourceTree = BUILT_PRODUCTS_DIR; };
		419D28F51D59EE3C009560F1 /* AppDelegate.swift */ = {isa = PBXFileReference; lastKnownFileType = sourcecode.swift; path = AppDelegate.swift; sourceTree = "<group>"; };
		419D28F71D59EE3C009560F1 /* FaceViewController.swift */ = {isa = PBXFileReference; lastKnownFileType = sourcecode.swift; path = FaceViewController.swift; sourceTree = "<group>"; };
		419D28FA1D59EE3C009560F1 /* Base */ = {isa = PBXFileReference; lastKnownFileType = file.storyboard; name = Base; path = Base.lproj/Main.storyboard; sourceTree = "<group>"; };
		419D28FC1D59EE3C009560F1 /* Assets.xcassets */ = {isa = PBXFileReference; lastKnownFileType = folder.assetcatalog; path = Assets.xcassets; sourceTree = "<group>"; };
		419D28FF1D59EE3C009560F1 /* Base */ = {isa = PBXFileReference; lastKnownFileType = file.storyboard; name = Base; path = Base.lproj/LaunchScreen.storyboard; sourceTree = "<group>"; };
		419D29011D59EE3C009560F1 /* Info.plist */ = {isa = PBXFileReference; lastKnownFileType = text.plist.xml; path = Info.plist; sourceTree = "<group>"; };
		419D29081D59EE5C009560F1 /* FaceView.swift */ = {isa = PBXFileReference; fileEncoding = 4; lastKnownFileType = sourcecode.swift; path = FaceView.swift; sourceTree = "<group>"; };
		419D290A1D5B9ECD009560F1 /* FacialExpression.swift */ = {isa = PBXFileReference; fileEncoding = 4; lastKnownFileType = sourcecode.swift; path = FacialExpression.swift; sourceTree = "<group>"; };
		419D290C1D5C66AF009560F1 /* EmotionSelectorViewController.swift */ = {isa = PBXFileReference; fileEncoding = 4; lastKnownFileType = sourcecode.swift; path = EmotionSelectorViewController.swift; sourceTree = "<group>"; };
/* End PBXFileReference section */

/* Begin PBXFrameworksBuildPhase section */
		419D28EF1D59EE3C009560F1 /* Frameworks */ = {
			isa = PBXFrameworksBuildPhase;
			buildActionMask = 2147483647;
			files = (
			);
			runOnlyForDeploymentPostprocessing = 0;
		};
/* End PBXFrameworksBuildPhase section */

/* Begin PBXGroup section */
		419D28E91D59EE3C009560F1 = {
			isa = PBXGroup;
			children = (
				419D28F41D59EE3C009560F1 /* FaceItV2 */,
				419D28F31D59EE3C009560F1 /* Products */,
			);
			sourceTree = "<group>";
		};
		419D28F31D59EE3C009560F1 /* Products */ = {
			isa = PBXGroup;
			children = (
				419D28F21D59EE3C009560F1 /* FaceItV2.app */,
			);
			name = Products;
			sourceTree = "<group>";
		};
		419D28F41D59EE3C009560F1 /* FaceItV2 */ = {
			isa = PBXGroup;
			children = (
				419D29071D59EE49009560F1 /* Supporting Files */,
				419D28F71D59EE3C009560F1 /* FaceViewController.swift */,
				419D29081D59EE5C009560F1 /* FaceView.swift */,
				419D290A1D5B9ECD009560F1 /* FacialExpression.swift */,
				419D290C1D5C66AF009560F1 /* EmotionSelectorViewController.swift */,
				419D28F91D59EE3C009560F1 /* Main.storyboard */,
			);
			path = FaceItV2;
			sourceTree = "<group>";
		};
		419D29071D59EE49009560F1 /* Supporting Files */ = {
			isa = PBXGroup;
			children = (
				419D28F51D59EE3C009560F1 /* AppDelegate.swift */,
				419D28FC1D59EE3C009560F1 /* Assets.xcassets */,
				419D28FE1D59EE3C009560F1 /* LaunchScreen.storyboard */,
				419D29011D59EE3C009560F1 /* Info.plist */,
			);
			name = "Supporting Files";
			sourceTree = "<group>";
		};
/* End PBXGroup section */

/* Begin PBXNativeTarget section */
		419D28F11D59EE3C009560F1 /* FaceItV2 */ = {
			isa = PBXNativeTarget;
			buildConfigurationList = 419D29041D59EE3C009560F1 /* Build configuration list for PBXNativeTarget "FaceItV2" */;
			buildPhases = (
				419D28EE1D59EE3C009560F1 /* Sources */,
				419D28EF1D59EE3C009560F1 /* Frameworks */,
				419D28F01D59EE3C009560F1 /* Resources */,
			);
			buildRules = (
			);
			dependencies = (
			);
			name = FaceItV2;
			productName = FaceItV2;
			productReference = 419D28F21D59EE3C009560F1 /* FaceItV2.app */;
			productType = "com.apple.product-type.application";
		};
/* End PBXNativeTarget section */

/* Begin PBXProject section */
		419D28EA1D59EE3C009560F1 /* Project object */ = {
			isa = PBXProject;
			attributes = {
				LastSwiftUpdateCheck = 0730;
				LastUpgradeCheck = 0730;
				ORGANIZATIONNAME = "Ali Siddiqui";
				TargetAttributes = {
					419D28F11D59EE3C009560F1 = {
						CreatedOnToolsVersion = 7.3.1;
						DevelopmentTeam = M88ZYQ7793;
						LastSwiftMigration = 0810;
					};
				};
			};
			buildConfigurationList = 419D28ED1D59EE3C009560F1 /* Build configuration list for PBXProject "FaceItV2" */;
			compatibilityVersion = "Xcode 3.2";
			developmentRegion = English;
			hasScannedForEncodings = 0;
			knownRegions = (
				en,
				Base,
			);
			mainGroup = 419D28E91D59EE3C009560F1;
			productRefGroup = 419D28F31D59EE3C009560F1 /* Products */;
			projectDirPath = "";
			projectRoot = "";
			targets = (
				419D28F11D59EE3C009560F1 /* FaceItV2 */,
			);
		};
/* End PBXProject section */

/* Begin PBXResourcesBuildPhase section */
		419D28F01D59EE3C009560F1 /* Resources */ = {
			isa = PBXResourcesBuildPhase;
			buildActionMask = 2147483647;
			files = (
				419D29001D59EE3C009560F1 /* LaunchScreen.storyboard in Resources */,
				419D28FD1D59EE3C009560F1 /* Assets.xcassets in Resources */,
				419D28FB1D59EE3C009560F1 /* Main.storyboard in Resources */,
			);
			runOnlyForDeploymentPostprocessing = 0;
		};
/* End PBXResourcesBuildPhase section */

/* Begin PBXSourcesBuildPhase section */
		419D28EE1D59EE3C009560F1 /* Sources */ = {
			isa = PBXSourcesBuildPhase;
			buildActionMask = 2147483647;
			files = (
				419D28F81D59EE3C009560F1 /* FaceViewController.swift in Sources */,
				419D290B1D5B9ECD009560F1 /* FacialExpression.swift in Sources */,
				419D28F61D59EE3C009560F1 /* AppDelegate.swift in Sources */,
				419D290D1D5C66AF009560F1 /* EmotionSelectorViewController.swift in Sources */,
				419D29091D59EE5C009560F1 /* FaceView.swift in Sources */,
			);
			runOnlyForDeploymentPostprocessing = 0;
		};
/* End PBXSourcesBuildPhase section */

/* Begin PBXVariantGroup section */
		419D28F91D59EE3C009560F1 /* Main.storyboard */ = {
			isa = PBXVariantGroup;
			children = (
				419D28FA1D59EE3C009560F1 /* Base */,
			);
			name = Main.storyboard;
			sourceTree = "<group>";
		};
		419D28FE1D59EE3C009560F1 /* LaunchScreen.storyboard */ = {
			isa = PBXVariantGroup;
			children = (
				419D28FF1D59EE3C009560F1 /* Base */,
			);
			name = LaunchScreen.storyboard;
			sourceTree = "<group>";
		};
/* End PBXVariantGroup section */

/* Begin XCBuildConfiguration section */
		419D29021D59EE3C009560F1 /* Debug */ = {
			isa = XCBuildConfiguration;
			buildSettings = {
				ALWAYS_SEARCH_USER_PATHS = NO;
				CLANG_ANALYZER_NONNULL = YES;
				CLANG_CXX_LANGUAGE_STANDARD = "gnu++0x";
				CLANG_CXX_LIBRARY = "libc++";
				CLANG_ENABLE_MODULES = YES;
				CLANG_ENABLE_OBJC_ARC = YES;
				CLANG_WARN_BOOL_CONVERSION = YES;
				CLANG_WARN_CONSTANT_CONVERSION = YES;
				CLANG_WARN_DIRECT_OBJC_ISA_USAGE = YES_ERROR;
				CLANG_WARN_EMPTY_BODY = YES;
				CLANG_WARN_ENUM_CONVERSION = YES;
				CLANG_WARN_INT_CONVERSION = YES;
				CLANG_WARN_OBJC_ROOT_CLASS = YES_ERROR;
				CLANG_WARN_UNREACHABLE_CODE = YES;
				CLANG_WARN__DUPLICATE_METHOD_MATCH = YES;
				"CODE_SIGN_IDENTITY[sdk=iphoneos*]" = "iPhone Developer";
				COPY_PHASE_STRIP = NO;
				DEBUG_INFORMATION_FORMAT = dwarf;
				ENABLE_STRICT_OBJC_MSGSEND = YES;
				ENABLE_TESTABILITY = YES;
				GCC_C_LANGUAGE_STANDARD = gnu99;
				GCC_DYNAMIC_NO_PIC = NO;
				GCC_NO_COMMON_BLOCKS = YES;
				GCC_OPTIMIZATION_LEVEL = 0;
				GCC_PREPROCESSOR_DEFINITIONS = (
					"DEBUG=1",
					"$(inherited)",
				);
				GCC_WARN_64_TO_32_BIT_CONVERSION = YES;
				GCC_WARN_ABOUT_RETURN_TYPE = YES_ERROR;
				GCC_WARN_UNDECLARED_SELECTOR = YES;
				GCC_WARN_UNINITIALIZED_AUTOS = YES_AGGRESSIVE;
				GCC_WARN_UNUSED_FUNCTION = YES;
				GCC_WARN_UNUSED_VARIABLE = YES;
				IPHONEOS_DEPLOYMENT_TARGET = 9.3;
				MTL_ENABLE_DEBUG_INFO = YES;
				ONLY_ACTIVE_ARCH = YES;
				SDKROOT = iphoneos;
				SWIFT_OPTIMIZATION_LEVEL = "-Onone";
				TARGETED_DEVICE_FAMILY = "1,2";
			};
			name = Debug;
		};
		419D29031D59EE3C009560F1 /* Release */ = {
			isa = XCBuildConfiguration;
			buildSettings = {
				ALWAYS_SEARCH_USER_PATHS = NO;
				CLANG_ANALYZER_NONNULL = YES;
				CLANG_CXX_LANGUAGE_STANDARD = "gnu++0x";
				CLANG_CXX_LIBRARY = "libc++";
				CLANG_ENABLE_MODULES = YES;
				CLANG_ENABLE_OBJC_ARC = YES;
				CLANG_WARN_BOOL_CONVERSION = YES;
				CLANG_WARN_CONSTANT_CONVERSION = YES;
				CLANG_WARN_DIRECT_OBJC_ISA_USAGE = YES_ERROR;
				CLANG_WARN_EMPTY_BODY = YES;
				CLANG_WARN_ENUM_CONVERSION = YES;
				CLANG_WARN_INT_CONVERSION = YES;
				CLANG_WARN_OBJC_ROOT_CLASS = YES_ERROR;
				CLANG_WARN_UNREACHABLE_CODE = YES;
				CLANG_WARN__DUPLICATE_METHOD_MATCH = YES;
				"CODE_SIGN_IDENTITY[sdk=iphoneos*]" = "iPhone Developer";
				COPY_PHASE_STRIP = NO;
				DEBUG_INFORMATION_FORMAT = "dwarf-with-dsym";
				ENABLE_NS_ASSERTIONS = NO;
				ENABLE_STRICT_OBJC_MSGSEND = YES;
				GCC_C_LANGUAGE_STANDARD = gnu99;
				GCC_NO_COMMON_BLOCKS = YES;
				GCC_WARN_64_TO_32_BIT_CONVERSION = YES;
				GCC_WARN_ABOUT_RETURN_TYPE = YES_ERROR;
				GCC_WARN_UNDECLARED_SELECTOR = YES;
				GCC_WARN_UNINITIALIZED_AUTOS = YES_AGGRESSIVE;
				GCC_WARN_UNUSED_FUNCTION = YES;
				GCC_WARN_UNUSED_VARIABLE = YES;
				IPHONEOS_DEPLOYMENT_TARGET = 9.3;
				MTL_ENABLE_DEBUG_INFO = NO;
				SDKROOT = iphoneos;
				TARGETED_DEVICE_FAMILY = "1,2";
				VALIDATE_PRODUCT = YES;
			};
			name = Release;
		};
		419D29051D59EE3C009560F1 /* Debug */ = {
			isa = XCBuildConfiguration;
			buildSettings = {
				ASSETCATALOG_COMPILER_APPICON_NAME = AppIcon;
				CODE_SIGN_IDENTITY = "iPhone Developer";
				"CODE_SIGN_IDENTITY[sdk=iphoneos*]" = "iPhone Developer";
				INFOPLIST_FILE = FaceItV2/Info.plist;
				LD_RUNPATH_SEARCH_PATHS = "$(inherited) @executable_path/Frameworks";
				PRODUCT_BUNDLE_IDENTIFIER = com.example.AliSiddiqui.FaceItV2;
				PRODUCT_NAME = "$(TARGET_NAME)";
				PROVISIONING_PROFILE = "";
				SWIFT_VERSION = 3.0;
			};
			name = Debug;
		};
		419D29061D59EE3C009560F1 /* Release */ = {
			isa = XCBuildConfiguration;
			buildSettings = {
				ASSETCATALOG_COMPILER_APPICON_NAME = AppIcon;
				CODE_SIGN_IDENTITY = "iPhone Developer";
				"CODE_SIGN_IDENTITY[sdk=iphoneos*]" = "iPhone Developer";
				INFOPLIST_FILE = FaceItV2/Info.plist;
				LD_RUNPATH_SEARCH_PATHS = "$(inherited) @executable_path/Frameworks";
				PRODUCT_BUNDLE_IDENTIFIER = com.example.AliSiddiqui.FaceItV2;
				PRODUCT_NAME = "$(TARGET_NAME)";
				PROVISIONING_PROFILE = "";
				SWIFT_VERSION = 3.0;
			};
			name = Release;
		};
/* End XCBuildConfiguration section */

/* Begin XCConfigurationList section */
		419D28ED1D59EE3C009560F1 /* Build configuration list for PBXProject "FaceItV2" */ = {
			isa = XCConfigurationList;
			buildConfigurations = (
				419D29021D59EE3C009560F1 /* Debug */,
				419D29031D59EE3C009560F1 /* Release */,
			);
			defaultConfigurationIsVisible = 0;
			defaultConfigurationName = Release;
		};
		419D29041D59EE3C009560F1 /* Build configuration list for PBXNativeTarget "FaceItV2" */ = {
			isa = XCConfigurationList;
			buildConfigurations = (
				419D29051D59EE3C009560F1 /* Debug */,
				419D29061D59EE3C009560F1 /* Release */,
			);
			defaultConfigurationIsVisible = 0;
			defaultConfigurationName = Release;
		};
/* End XCConfigurationList section */
	};
	rootObject = 419D28EA1D59EE3C009560F1 /* Project object */;
}
